
Microsoft Visual Studio Solution File, Format Version 12.00
# Visual Studio Version 17
VisualStudioVersion = 17.0.31903.59
MinimumVisualStudioVersion = 10.0.40219.1
Project("{2150E333-8FDC-42A3-9474-1A3956D46DE8}") = "src", "src", "{16BAAC16-AED5-44AF-93BF-9A199CB0A717}"
EndProject
Project("{2150E333-8FDC-42A3-9474-1A3956D46DE8}") = "Core", "Core", "{877528B3-F124-4576-BBDF-4A648A47CEEB}"
EndProject
Project("{FAE04EC0-301F-11D3-BF4B-00C04F79EFBC}") = "HR.LeaveManagement.Domain", "src\Core\HR.LeaveManagement.Domain\HR.LeaveManagement.Domain.csproj", "{8B29752A-0B20-4A6C-B778-3C6752032285}"
EndProject
Project("{2150E333-8FDC-42A3-9474-1A3956D46DE8}") = "API", "API", "{3FBE5217-9E64-4CA8-A48B-70E9052D6A26}"
EndProject
Project("{2150E333-8FDC-42A3-9474-1A3956D46DE8}") = "Infrastructure", "Infrastructure", "{0BC853B2-A6ED-4F5F-A77B-E15183380CD2}"
EndProject
Project("{2150E333-8FDC-42A3-9474-1A3956D46DE8}") = "test", "test", "{0280FF14-7DD3-42C2-B4E5-9548BB84EF27}"
EndProject
Project("{2150E333-8FDC-42A3-9474-1A3956D46DE8}") = "UI", "UI", "{2CBBAFCF-25C6-495D-BF5E-B9317C590A52}"
EndProject
Project("{FAE04EC0-301F-11D3-BF4B-00C04F79EFBC}") = "HR.LeaveManagement.Application", "src\Core\HR.LeaveManagement.Application\HR.LeaveManagement.Application.csproj", "{5B8230DE-58F8-4A0C-A0AA-102E49F4A092}"
EndProject
Project("{FAE04EC0-301F-11D3-BF4B-00C04F79EFBC}") = "HR.LeaveManagement.Persistence", "src\Infrastructure\HR.LeaveManagement.Persistence\HR.LeaveManagement.Persistence.csproj", "{F1727446-9788-46CF-A5DE-43D4DEA92952}"
EndProject
Project("{FAE04EC0-301F-11D3-BF4B-00C04F79EFBC}") = "HR.LeaveManagement.Infrastructure", "src\Infrastructure\HR.LeaveManagement.Infrastructure\HR.LeaveManagement.Infrastructure.csproj", "{E7C12BC3-631D-4ED9-83EB-729A343ABE63}"
EndProject
Project("{FAE04EC0-301F-11D3-BF4B-00C04F79EFBC}") = "HR.LeaveManagement.Api", "src\API\HR.LeaveManagement.Api\HR.LeaveManagement.Api.csproj", "{7A94C980-5EEA-4745-AB6E-D5B3FA1AE49F}"
EndProject
Project("{FAE04EC0-301F-11D3-BF4B-00C04F79EFBC}") = "HR.LeaveManagement.Application.UnitTests", "test\HR.LeaveManagement.Application.UnitTests\HR.LeaveManagement.Application.UnitTests.csproj", "{613AA197-0391-4F28-8601-9E43147CA9C7}"
EndProject
Project("{FAE04EC0-301F-11D3-BF4B-00C04F79EFBC}") = "HR.LeaveManagement.Application.IntegrationTests", "test\HR.LeaveManagement.Application.IntegrationTests\HR.LeaveManagement.Application.IntegrationTests.csproj", "{5D216F79-719D-4EC8-AEF5-DA08098F8A41}"
EndProject
Project("{FAE04EC0-301F-11D3-BF4B-00C04F79EFBC}") = "HR.LeaveManagement.UI", "src\UI\HR.LeaveManagement.UI\HR.LeaveManagement.UI.csproj", "{71A53714-1845-445E-B103-32D7ABF798D4}"
EndProject
Global
	GlobalSection(SolutionConfigurationPlatforms) = preSolution
		Debug|Any CPU = Debug|Any CPU
		Release|Any CPU = Release|Any CPU
	EndGlobalSection
	GlobalSection(ProjectConfigurationPlatforms) = postSolution
		{8B29752A-0B20-4A6C-B778-3C6752032285}.Debug|Any CPU.ActiveCfg = Debug|Any CPU
		{8B29752A-0B20-4A6C-B778-3C6752032285}.Debug|Any CPU.Build.0 = Debug|Any CPU
		{8B29752A-0B20-4A6C-B778-3C6752032285}.Release|Any CPU.ActiveCfg = Release|Any CPU
		{8B29752A-0B20-4A6C-B778-3C6752032285}.Release|Any CPU.Build.0 = Release|Any CPU
		{5B8230DE-58F8-4A0C-A0AA-102E49F4A092}.Debug|Any CPU.ActiveCfg = Debug|Any CPU
		{5B8230DE-58F8-4A0C-A0AA-102E49F4A092}.Debug|Any CPU.Build.0 = Debug|Any CPU
		{5B8230DE-58F8-4A0C-A0AA-102E49F4A092}.Release|Any CPU.ActiveCfg = Release|Any CPU
		{5B8230DE-58F8-4A0C-A0AA-102E49F4A092}.Release|Any CPU.Build.0 = Release|Any CPU
		{F1727446-9788-46CF-A5DE-43D4DEA92952}.Debug|Any CPU.ActiveCfg = Debug|Any CPU
		{F1727446-9788-46CF-A5DE-43D4DEA92952}.Debug|Any CPU.Build.0 = Debug|Any CPU
		{F1727446-9788-46CF-A5DE-43D4DEA92952}.Release|Any CPU.ActiveCfg = Release|Any CPU
		{F1727446-9788-46CF-A5DE-43D4DEA92952}.Release|Any CPU.Build.0 = Release|Any CPU
		{E7C12BC3-631D-4ED9-83EB-729A343ABE63}.Debug|Any CPU.ActiveCfg = Debug|Any CPU
		{E7C12BC3-631D-4ED9-83EB-729A343ABE63}.Debug|Any CPU.Build.0 = Debug|Any CPU
		{E7C12BC3-631D-4ED9-83EB-729A343ABE63}.Release|Any CPU.ActiveCfg = Release|Any CPU
		{E7C12BC3-631D-4ED9-83EB-729A343ABE63}.Release|Any CPU.Build.0 = Release|Any CPU
		{7A94C980-5EEA-4745-AB6E-D5B3FA1AE49F}.Debug|Any CPU.ActiveCfg = Debug|Any CPU
		{7A94C980-5EEA-4745-AB6E-D5B3FA1AE49F}.Debug|Any CPU.Build.0 = Debug|Any CPU
		{7A94C980-5EEA-4745-AB6E-D5B3FA1AE49F}.Release|Any CPU.ActiveCfg = Release|Any CPU
		{7A94C980-5EEA-4745-AB6E-D5B3FA1AE49F}.Release|Any CPU.Build.0 = Release|Any CPU
		{613AA197-0391-4F28-8601-9E43147CA9C7}.Debug|Any CPU.ActiveCfg = Debug|Any CPU
		{613AA197-0391-4F28-8601-9E43147CA9C7}.Debug|Any CPU.Build.0 = Debug|Any CPU
		{613AA197-0391-4F28-8601-9E43147CA9C7}.Release|Any CPU.ActiveCfg = Release|Any CPU
		{613AA197-0391-4F28-8601-9E43147CA9C7}.Release|Any CPU.Build.0 = Release|Any CPU
		{5D216F79-719D-4EC8-AEF5-DA08098F8A41}.Debug|Any CPU.ActiveCfg = Debug|Any CPU
		{5D216F79-719D-4EC8-AEF5-DA08098F8A41}.Debug|Any CPU.Build.0 = Debug|Any CPU
		{5D216F79-719D-4EC8-AEF5-DA08098F8A41}.Release|Any CPU.ActiveCfg = Release|Any CPU
		{5D216F79-719D-4EC8-AEF5-DA08098F8A41}.Release|Any CPU.Build.0 = Release|Any CPU
		{71A53714-1845-445E-B103-32D7ABF798D4}.Debug|Any CPU.ActiveCfg = Debug|Any CPU
		{71A53714-1845-445E-B103-32D7ABF798D4}.Debug|Any CPU.Build.0 = Debug|Any CPU
		{71A53714-1845-445E-B103-32D7ABF798D4}.Release|Any CPU.ActiveCfg = Release|Any CPU
		{71A53714-1845-445E-B103-32D7ABF798D4}.Release|Any CPU.Build.0 = Release|Any CPU
	EndGlobalSection
	GlobalSection(SolutionProperties) = preSolution
		HideSolutionNode = FALSE
	EndGlobalSection
	GlobalSection(NestedProjects) = preSolution
		{877528B3-F124-4576-BBDF-4A648A47CEEB} = {16BAAC16-AED5-44AF-93BF-9A199CB0A717}
		{8B29752A-0B20-4A6C-B778-3C6752032285} = {877528B3-F124-4576-BBDF-4A648A47CEEB}
		{3FBE5217-9E64-4CA8-A48B-70E9052D6A26} = {16BAAC16-AED5-44AF-93BF-9A199CB0A717}
		{0BC853B2-A6ED-4F5F-A77B-E15183380CD2} = {16BAAC16-AED5-44AF-93BF-9A199CB0A717}
		{2CBBAFCF-25C6-495D-BF5E-B9317C590A52} = {16BAAC16-AED5-44AF-93BF-9A199CB0A717}
		{5B8230DE-58F8-4A0C-A0AA-102E49F4A092} = {877528B3-F124-4576-BBDF-4A648A47CEEB}
		{F1727446-9788-46CF-A5DE-43D4DEA92952} = {0BC853B2-A6ED-4F5F-A77B-E15183380CD2}
		{E7C12BC3-631D-4ED9-83EB-729A343ABE63} = {0BC853B2-A6ED-4F5F-A77B-E15183380CD2}
		{7A94C980-5EEA-4745-AB6E-D5B3FA1AE49F} = {3FBE5217-9E64-4CA8-A48B-70E9052D6A26}
		{613AA197-0391-4F28-8601-9E43147CA9C7} = {0280FF14-7DD3-42C2-B4E5-9548BB84EF27}
		{5D216F79-719D-4EC8-AEF5-DA08098F8A41} = {0280FF14-7DD3-42C2-B4E5-9548BB84EF27}
		{71A53714-1845-445E-B103-32D7ABF798D4} = {2CBBAFCF-25C6-495D-BF5E-B9317C590A52}
	EndGlobalSection
EndGlobal
